// !$*UTF8*$!
{
	archiveVersion = 1;
	classes = {
	};
	objectVersion = 46;
	objects = {

/* Begin PBXBuildFile section */
		5C394BFC1BCF597E009AC0AC /* LaunchScreen.storyboard in Resources */ = {isa = PBXBuildFile; fileRef = 5C394BFA1BCF597E009AC0AC /* LaunchScreen.storyboard */; settings = {ASSET_TAGS = (); }; };
		5C447C6C1BD77A3700A049D9 /* BankCardValidateViewController.m in Sources */ = {isa = PBXBuildFile; fileRef = 5C447C6A1BD77A3700A049D9 /* BankCardValidateViewController.m */; settings = {ASSET_TAGS = (); }; };
		5C447C6D1BD77A3700A049D9 /* BankCardValidateViewController.xib in Resources */ = {isa = PBXBuildFile; fileRef = 5C447C6B1BD77A3700A049D9 /* BankCardValidateViewController.xib */; settings = {ASSET_TAGS = (); }; };
		5C5A2DC41BD6115D00C4AE1D /* AppUtils.m in Sources */ = {isa = PBXBuildFile; fileRef = 5C5A2D871BD6115D00C4AE1D /* AppUtils.m */; settings = {ASSET_TAGS = (); }; };
		5C5A2DC51BD6115D00C4AE1D /* FMNetWorkManager.m in Sources */ = {isa = PBXBuildFile; fileRef = 5C5A2D8B1BD6115D00C4AE1D /* FMNetWorkManager.m */; settings = {ASSET_TAGS = (); }; };
		5C5A2DC61BD6115D00C4AE1D /* MyViewController.m in Sources */ = {isa = PBXBuildFile; fileRef = 5C5A2D8F1BD6115D00C4AE1D /* MyViewController.m */; settings = {ASSET_TAGS = (); }; };
		5C5A2DC71BD6115D00C4AE1D /* HelpViewController.m in Sources */ = {isa = PBXBuildFile; fileRef = 5C5A2D961BD6115D00C4AE1D /* HelpViewController.m */; settings = {ASSET_TAGS = (); }; };
		5C5A2DC81BD6115D00C4AE1D /* LoginRequest.m in Sources */ = {isa = PBXBuildFile; fileRef = 5C5A2D9B1BD6115D00C4AE1D /* LoginRequest.m */; settings = {ASSET_TAGS = (); }; };
		5C5A2DC91BD6115D00C4AE1D /* LoginViewController.m in Sources */ = {isa = PBXBuildFile; fileRef = 5C5A2D9F1BD6115D00C4AE1D /* LoginViewController.m */; settings = {ASSET_TAGS = (); }; };
		5C5A2DCA1BD6115D00C4AE1D /* LoginViewController.xib in Resources */ = {isa = PBXBuildFile; fileRef = 5C5A2DA01BD6115D00C4AE1D /* LoginViewController.xib */; settings = {ASSET_TAGS = (); }; };
		5C5A2DCB1BD6115D00C4AE1D /* RegisterRequest.m in Sources */ = {isa = PBXBuildFile; fileRef = 5C5A2DA51BD6115D00C4AE1D /* RegisterRequest.m */; settings = {ASSET_TAGS = (); }; };
		5C5A2DCC1BD6115D00C4AE1D /* RegisterAgreementViewController.m in Sources */ = {isa = PBXBuildFile; fileRef = 5C5A2DA91BD6115D00C4AE1D /* RegisterAgreementViewController.m */; settings = {ASSET_TAGS = (); }; };
		5C5A2DCD1BD6115D00C4AE1D /* RegisterAgreementViewController.xib in Resources */ = {isa = PBXBuildFile; fileRef = 5C5A2DAA1BD6115D00C4AE1D /* RegisterAgreementViewController.xib */; settings = {ASSET_TAGS = (); }; };
		5C5A2DCE1BD6115D00C4AE1D /* RegisterViewController.m in Sources */ = {isa = PBXBuildFile; fileRef = 5C5A2DAC1BD6115D00C4AE1D /* RegisterViewController.m */; settings = {ASSET_TAGS = (); }; };
		5C5A2DCF1BD6115D00C4AE1D /* RegisterViewController.xib in Resources */ = {isa = PBXBuildFile; fileRef = 5C5A2DAD1BD6115D00C4AE1D /* RegisterViewController.xib */; settings = {ASSET_TAGS = (); }; };
		5C5A2DD01BD6115D00C4AE1D /* SetUpPasswordViewController.m in Sources */ = {isa = PBXBuildFile; fileRef = 5C5A2DAF1BD6115D00C4AE1D /* SetUpPasswordViewController.m */; settings = {ASSET_TAGS = (); }; };
		5C5A2DD11BD6115D00C4AE1D /* SetUpPasswordViewController.xib in Resources */ = {isa = PBXBuildFile; fileRef = 5C5A2DB01BD6115D00C4AE1D /* SetUpPasswordViewController.xib */; settings = {ASSET_TAGS = (); }; };
		5C5A2DD21BD6115D00C4AE1D /* ValidateViewController.m in Sources */ = {isa = PBXBuildFile; fileRef = 5C5A2DB21BD6115D00C4AE1D /* ValidateViewController.m */; settings = {ASSET_TAGS = (); }; };
		5C5A2DD31BD6115D00C4AE1D /* ValidateViewController.xib in Resources */ = {isa = PBXBuildFile; fileRef = 5C5A2DB31BD6115D00C4AE1D /* ValidateViewController.xib */; settings = {ASSET_TAGS = (); }; };
		5C5A2DD41BD6115D00C4AE1D /* UserInfoRequest.m in Sources */ = {isa = PBXBuildFile; fileRef = 5C5A2DB81BD6115D00C4AE1D /* UserInfoRequest.m */; settings = {ASSET_TAGS = (); }; };
		5C5A2DD51BD6115D00C4AE1D /* MyAccountViewController.m in Sources */ = {isa = PBXBuildFile; fileRef = 5C5A2DBC1BD6115D00C4AE1D /* MyAccountViewController.m */; settings = {ASSET_TAGS = (); }; };
		5C5A2DD61BD6115D00C4AE1D /* MyAccountViewController.xib in Resources */ = {isa = PBXBuildFile; fileRef = 5C5A2DBD1BD6115D00C4AE1D /* MyAccountViewController.xib */; settings = {ASSET_TAGS = (); }; };
		5C5A2DD71BD6115D00C4AE1D /* PasswordManagerViewController.m in Sources */ = {isa = PBXBuildFile; fileRef = 5C5A2DBF1BD6115D00C4AE1D /* PasswordManagerViewController.m */; settings = {ASSET_TAGS = (); }; };
		5C5A2DD81BD6115D00C4AE1D /* PasswordManagerViewController.xib in Resources */ = {isa = PBXBuildFile; fileRef = 5C5A2DC01BD6115D00C4AE1D /* PasswordManagerViewController.xib */; settings = {ASSET_TAGS = (); }; };
		5C5A2DD91BD6115D00C4AE1D /* ResetPasswordViewController.m in Sources */ = {isa = PBXBuildFile; fileRef = 5C5A2DC21BD6115D00C4AE1D /* ResetPasswordViewController.m */; settings = {ASSET_TAGS = (); }; };
		5C5A2DDA1BD6115D00C4AE1D /* ResetPasswordViewController.xib in Resources */ = {isa = PBXBuildFile; fileRef = 5C5A2DC31BD6115D00C4AE1D /* ResetPasswordViewController.xib */; settings = {ASSET_TAGS = (); }; };
		5C746C871BD77EB0007A7DE6 /* MoblieValidateViewController.m in Sources */ = {isa = PBXBuildFile; fileRef = 5C746C851BD77EB0007A7DE6 /* MoblieValidateViewController.m */; settings = {ASSET_TAGS = (); }; };
		5C746C881BD77EB0007A7DE6 /* MoblieValidateViewController.xib in Resources */ = {isa = PBXBuildFile; fileRef = 5C746C861BD77EB0007A7DE6 /* MoblieValidateViewController.xib */; settings = {ASSET_TAGS = (); }; };
		5CA41C481BC8E688000A3484 /* main.m in Sources */ = {isa = PBXBuildFile; fileRef = 5CA41C471BC8E688000A3484 /* main.m */; };
		5CA41C4B1BC8E688000A3484 /* AppDelegate.m in Sources */ = {isa = PBXBuildFile; fileRef = 5CA41C4A1BC8E688000A3484 /* AppDelegate.m */; };
		5CA41C4E1BC8E688000A3484 /* ViewController.m in Sources */ = {isa = PBXBuildFile; fileRef = 5CA41C4D1BC8E688000A3484 /* ViewController.m */; };
		5CA41C511BC8E688000A3484 /* Main.storyboard in Resources */ = {isa = PBXBuildFile; fileRef = 5CA41C4F1BC8E688000A3484 /* Main.storyboard */; };
		5CA41C531BC8E688000A3484 /* Assets.xcassets in Resources */ = {isa = PBXBuildFile; fileRef = 5CA41C521BC8E688000A3484 /* Assets.xcassets */; };
		5CA41C611BC8E688000A3484 /* gigoldTests.m in Sources */ = {isa = PBXBuildFile; fileRef = 5CA41C601BC8E688000A3484 /* gigoldTests.m */; };
		5CA41C6C1BC8E688000A3484 /* gigoldUITests.m in Sources */ = {isa = PBXBuildFile; fileRef = 5CA41C6B1BC8E688000A3484 /* gigoldUITests.m */; };
		5CBE16E81BD76D0400692B0A /* BankCardManagerViewController.m in Sources */ = {isa = PBXBuildFile; fileRef = 5CBE16E61BD76D0400692B0A /* BankCardManagerViewController.m */; settings = {ASSET_TAGS = (); }; };
		5CBE16E91BD76D0400692B0A /* BankCardManagerViewController.xib in Resources */ = {isa = PBXBuildFile; fileRef = 5CBE16E71BD76D0400692B0A /* BankCardManagerViewController.xib */; settings = {ASSET_TAGS = (); }; };
		5CBE16ED1BD76F9F00692B0A /* AddBankCardViewController.m in Sources */ = {isa = PBXBuildFile; fileRef = 5CBE16EB1BD76F9F00692B0A /* AddBankCardViewController.m */; settings = {ASSET_TAGS = (); }; };
		5CBE16EE1BD76F9F00692B0A /* AddBankCardViewController.xib in Resources */ = {isa = PBXBuildFile; fileRef = 5CBE16EC1BD76F9F00692B0A /* AddBankCardViewController.xib */; settings = {ASSET_TAGS = (); }; };
		DCB348EA5503450DD424BB4D /* libPods.a in Frameworks */ = {isa = PBXBuildFile; fileRef = AA29EA734CC24C2A6E7B458A /* libPods.a */; };
/* End PBXBuildFile section */

/* Begin PBXContainerItemProxy section */
		5CA41C5D1BC8E688000A3484 /* PBXContainerItemProxy */ = {
			isa = PBXContainerItemProxy;
			containerPortal = 5CA41C3B1BC8E688000A3484 /* Project object */;
			proxyType = 1;
			remoteGlobalIDString = 5CA41C421BC8E688000A3484;
			remoteInfo = gigold;
		};
		5CA41C681BC8E688000A3484 /* PBXContainerItemProxy */ = {
			isa = PBXContainerItemProxy;
			containerPortal = 5CA41C3B1BC8E688000A3484 /* Project object */;
			proxyType = 1;
			remoteGlobalIDString = 5CA41C421BC8E688000A3484;
			remoteInfo = gigold;
		};
/* End PBXContainerItemProxy section */

/* Begin PBXFileReference section */
		05C9FF4D315E838F911D2C11 /* Pods.release.xcconfig */ = {isa = PBXFileReference; includeInIndex = 1; lastKnownFileType = text.xcconfig; name = Pods.release.xcconfig; path = "Pods/Target Support Files/Pods/Pods.release.xcconfig"; sourceTree = "<group>"; };
		5C394BFB1BCF597E009AC0AC /* Base */ = {isa = PBXFileReference; lastKnownFileType = file.storyboard; name = Base; path = Base.lproj/LaunchScreen.storyboard; sourceTree = "<group>"; };
		5C447C691BD77A3700A049D9 /* BankCardValidateViewController.h */ = {isa = PBXFileReference; fileEncoding = 4; lastKnownFileType = sourcecode.c.h; path = BankCardValidateViewController.h; sourceTree = "<group>"; };
		5C447C6A1BD77A3700A049D9 /* BankCardValidateViewController.m */ = {isa = PBXFileReference; fileEncoding = 4; lastKnownFileType = sourcecode.c.objc; path = BankCardValidateViewController.m; sourceTree = "<group>"; };
		5C447C6B1BD77A3700A049D9 /* BankCardValidateViewController.xib */ = {isa = PBXFileReference; fileEncoding = 4; lastKnownFileType = file.xib; path = BankCardValidateViewController.xib; sourceTree = "<group>"; };
		5C5A2D861BD6115D00C4AE1D /* AppUtils.h */ = {isa = PBXFileReference; fileEncoding = 4; lastKnownFileType = sourcecode.c.h; path = AppUtils.h; sourceTree = "<group>"; };
		5C5A2D871BD6115D00C4AE1D /* AppUtils.m */ = {isa = PBXFileReference; fileEncoding = 4; lastKnownFileType = sourcecode.c.objc; path = AppUtils.m; sourceTree = "<group>"; };
		5C5A2D891BD6115D00C4AE1D /* FMMacro_URL.h */ = {isa = PBXFileReference; fileEncoding = 4; lastKnownFileType = sourcecode.c.h; path = FMMacro_URL.h; sourceTree = "<group>"; };
		5C5A2D8A1BD6115D00C4AE1D /* FMNetWorkManager.h */ = {isa = PBXFileReference; fileEncoding = 4; lastKnownFileType = sourcecode.c.h; path = FMNetWorkManager.h; sourceTree = "<group>"; };
		5C5A2D8B1BD6115D00C4AE1D /* FMNetWorkManager.m */ = {isa = PBXFileReference; fileEncoding = 4; lastKnownFileType = sourcecode.c.objc; path = FMNetWorkManager.m; sourceTree = "<group>"; };
		5C5A2D8E1BD6115D00C4AE1D /* MyViewController.h */ = {isa = PBXFileReference; fileEncoding = 4; lastKnownFileType = sourcecode.c.h; path = MyViewController.h; sourceTree = "<group>"; };
		5C5A2D8F1BD6115D00C4AE1D /* MyViewController.m */ = {isa = PBXFileReference; fileEncoding = 4; lastKnownFileType = sourcecode.c.objc; path = MyViewController.m; sourceTree = "<group>"; };
		5C5A2D951BD6115D00C4AE1D /* HelpViewController.h */ = {isa = PBXFileReference; fileEncoding = 4; lastKnownFileType = sourcecode.c.h; path = HelpViewController.h; sourceTree = "<group>"; };
		5C5A2D961BD6115D00C4AE1D /* HelpViewController.m */ = {isa = PBXFileReference; fileEncoding = 4; lastKnownFileType = sourcecode.c.objc; path = HelpViewController.m; sourceTree = "<group>"; };
		5C5A2D9A1BD6115D00C4AE1D /* LoginRequest.h */ = {isa = PBXFileReference; fileEncoding = 4; lastKnownFileType = sourcecode.c.h; path = LoginRequest.h; sourceTree = "<group>"; };
		5C5A2D9B1BD6115D00C4AE1D /* LoginRequest.m */ = {isa = PBXFileReference; fileEncoding = 4; lastKnownFileType = sourcecode.c.objc; path = LoginRequest.m; sourceTree = "<group>"; };
		5C5A2D9E1BD6115D00C4AE1D /* LoginViewController.h */ = {isa = PBXFileReference; fileEncoding = 4; lastKnownFileType = sourcecode.c.h; path = LoginViewController.h; sourceTree = "<group>"; };
		5C5A2D9F1BD6115D00C4AE1D /* LoginViewController.m */ = {isa = PBXFileReference; fileEncoding = 4; lastKnownFileType = sourcecode.c.objc; path = LoginViewController.m; sourceTree = "<group>"; };
		5C5A2DA01BD6115D00C4AE1D /* LoginViewController.xib */ = {isa = PBXFileReference; fileEncoding = 4; lastKnownFileType = file.xib; path = LoginViewController.xib; sourceTree = "<group>"; };
		5C5A2DA41BD6115D00C4AE1D /* RegisterRequest.h */ = {isa = PBXFileReference; fileEncoding = 4; lastKnownFileType = sourcecode.c.h; path = RegisterRequest.h; sourceTree = "<group>"; };
		5C5A2DA51BD6115D00C4AE1D /* RegisterRequest.m */ = {isa = PBXFileReference; fileEncoding = 4; lastKnownFileType = sourcecode.c.objc; path = RegisterRequest.m; sourceTree = "<group>"; };
		5C5A2DA81BD6115D00C4AE1D /* RegisterAgreementViewController.h */ = {isa = PBXFileReference; fileEncoding = 4; lastKnownFileType = sourcecode.c.h; path = RegisterAgreementViewController.h; sourceTree = "<group>"; };
		5C5A2DA91BD6115D00C4AE1D /* RegisterAgreementViewController.m */ = {isa = PBXFileReference; fileEncoding = 4; lastKnownFileType = sourcecode.c.objc; path = RegisterAgreementViewController.m; sourceTree = "<group>"; };
		5C5A2DAA1BD6115D00C4AE1D /* RegisterAgreementViewController.xib */ = {isa = PBXFileReference; fileEncoding = 4; lastKnownFileType = file.xib; path = RegisterAgreementViewController.xib; sourceTree = "<group>"; };
		5C5A2DAB1BD6115D00C4AE1D /* RegisterViewController.h */ = {isa = PBXFileReference; fileEncoding = 4; lastKnownFileType = sourcecode.c.h; path = RegisterViewController.h; sourceTree = "<group>"; };
		5C5A2DAC1BD6115D00C4AE1D /* RegisterViewController.m */ = {isa = PBXFileReference; fileEncoding = 4; lastKnownFileType = sourcecode.c.objc; path = RegisterViewController.m; sourceTree = "<group>"; };
		5C5A2DAD1BD6115D00C4AE1D /* RegisterViewController.xib */ = {isa = PBXFileReference; fileEncoding = 4; lastKnownFileType = file.xib; path = RegisterViewController.xib; sourceTree = "<group>"; };
		5C5A2DAE1BD6115D00C4AE1D /* SetUpPasswordViewController.h */ = {isa = PBXFileReference; fileEncoding = 4; lastKnownFileType = sourcecode.c.h; path = SetUpPasswordViewController.h; sourceTree = "<group>"; };
		5C5A2DAF1BD6115D00C4AE1D /* SetUpPasswordViewController.m */ = {isa = PBXFileReference; fileEncoding = 4; lastKnownFileType = sourcecode.c.objc; path = SetUpPasswordViewController.m; sourceTree = "<group>"; };
		5C5A2DB01BD6115D00C4AE1D /* SetUpPasswordViewController.xib */ = {isa = PBXFileReference; fileEncoding = 4; lastKnownFileType = file.xib; path = SetUpPasswordViewController.xib; sourceTree = "<group>"; };
		5C5A2DB11BD6115D00C4AE1D /* ValidateViewController.h */ = {isa = PBXFileReference; fileEncoding = 4; lastKnownFileType = sourcecode.c.h; path = ValidateViewController.h; sourceTree = "<group>"; };
		5C5A2DB21BD6115D00C4AE1D /* ValidateViewController.m */ = {isa = PBXFileReference; fileEncoding = 4; lastKnownFileType = sourcecode.c.objc; path = ValidateViewController.m; sourceTree = "<group>"; };
		5C5A2DB31BD6115D00C4AE1D /* ValidateViewController.xib */ = {isa = PBXFileReference; fileEncoding = 4; lastKnownFileType = file.xib; path = ValidateViewController.xib; sourceTree = "<group>"; };
		5C5A2DB71BD6115D00C4AE1D /* UserInfoRequest.h */ = {isa = PBXFileReference; fileEncoding = 4; lastKnownFileType = sourcecode.c.h; path = UserInfoRequest.h; sourceTree = "<group>"; };
		5C5A2DB81BD6115D00C4AE1D /* UserInfoRequest.m */ = {isa = PBXFileReference; fileEncoding = 4; lastKnownFileType = sourcecode.c.objc; path = UserInfoRequest.m; sourceTree = "<group>"; };
		5C5A2DBB1BD6115D00C4AE1D /* MyAccountViewController.h */ = {isa = PBXFileReference; fileEncoding = 4; lastKnownFileType = sourcecode.c.h; path = MyAccountViewController.h; sourceTree = "<group>"; };
		5C5A2DBC1BD6115D00C4AE1D /* MyAccountViewController.m */ = {isa = PBXFileReference; fileEncoding = 4; lastKnownFileType = sourcecode.c.objc; path = MyAccountViewController.m; sourceTree = "<group>"; };
		5C5A2DBD1BD6115D00C4AE1D /* MyAccountViewController.xib */ = {isa = PBXFileReference; fileEncoding = 4; lastKnownFileType = file.xib; path = MyAccountViewController.xib; sourceTree = "<group>"; };
		5C5A2DBE1BD6115D00C4AE1D /* PasswordManagerViewController.h */ = {isa = PBXFileReference; fileEncoding = 4; lastKnownFileType = sourcecode.c.h; path = PasswordManagerViewController.h; sourceTree = "<group>"; };
		5C5A2DBF1BD6115D00C4AE1D /* PasswordManagerViewController.m */ = {isa = PBXFileReference; fileEncoding = 4; lastKnownFileType = sourcecode.c.objc; path = PasswordManagerViewController.m; sourceTree = "<group>"; };
		5C5A2DC01BD6115D00C4AE1D /* PasswordManagerViewController.xib */ = {isa = PBXFileReference; fileEncoding = 4; lastKnownFileType = file.xib; path = PasswordManagerViewController.xib; sourceTree = "<group>"; };
		5C5A2DC11BD6115D00C4AE1D /* ResetPasswordViewController.h */ = {isa = PBXFileReference; fileEncoding = 4; lastKnownFileType = sourcecode.c.h; path = ResetPasswordViewController.h; sourceTree = "<group>"; };
		5C5A2DC21BD6115D00C4AE1D /* ResetPasswordViewController.m */ = {isa = PBXFileReference; fileEncoding = 4; lastKnownFileType = sourcecode.c.objc; path = ResetPasswordViewController.m; sourceTree = "<group>"; };
		5C5A2DC31BD6115D00C4AE1D /* ResetPasswordViewController.xib */ = {isa = PBXFileReference; fileEncoding = 4; lastKnownFileType = file.xib; path = ResetPasswordViewController.xib; sourceTree = "<group>"; };
		5C5A2DDB1BD6118D00C4AE1D /* PrefixHeader.pch */ = {isa = PBXFileReference; fileEncoding = 4; lastKnownFileType = sourcecode.c.h; name = PrefixHeader.pch; path = gigold/PrefixHeader.pch; sourceTree = SOURCE_ROOT; };
		5C746C841BD77EB0007A7DE6 /* MoblieValidateViewController.h */ = {isa = PBXFileReference; fileEncoding = 4; lastKnownFileType = sourcecode.c.h; path = MoblieValidateViewController.h; sourceTree = "<group>"; };
		5C746C851BD77EB0007A7DE6 /* MoblieValidateViewController.m */ = {isa = PBXFileReference; fileEncoding = 4; lastKnownFileType = sourcecode.c.objc; path = MoblieValidateViewController.m; sourceTree = "<group>"; };
		5C746C861BD77EB0007A7DE6 /* MoblieValidateViewController.xib */ = {isa = PBXFileReference; fileEncoding = 4; lastKnownFileType = file.xib; path = MoblieValidateViewController.xib; sourceTree = "<group>"; };
		5CA41C431BC8E688000A3484 /* gigold.app */ = {isa = PBXFileReference; explicitFileType = wrapper.application; includeInIndex = 0; path = gigold.app; sourceTree = BUILT_PRODUCTS_DIR; };
		5CA41C471BC8E688000A3484 /* main.m */ = {isa = PBXFileReference; lastKnownFileType = sourcecode.c.objc; path = main.m; sourceTree = "<group>"; };
		5CA41C491BC8E688000A3484 /* AppDelegate.h */ = {isa = PBXFileReference; lastKnownFileType = sourcecode.c.h; path = AppDelegate.h; sourceTree = "<group>"; };
		5CA41C4A1BC8E688000A3484 /* AppDelegate.m */ = {isa = PBXFileReference; lastKnownFileType = sourcecode.c.objc; lineEnding = 0; path = AppDelegate.m; sourceTree = "<group>"; xcLanguageSpecificationIdentifier = xcode.lang.objc; };
		5CA41C4C1BC8E688000A3484 /* ViewController.h */ = {isa = PBXFileReference; lastKnownFileType = sourcecode.c.h; path = ViewController.h; sourceTree = "<group>"; };
		5CA41C4D1BC8E688000A3484 /* ViewController.m */ = {isa = PBXFileReference; lastKnownFileType = sourcecode.c.objc; path = ViewController.m; sourceTree = "<group>"; };
		5CA41C501BC8E688000A3484 /* Base */ = {isa = PBXFileReference; lastKnownFileType = file.storyboard; name = Base; path = Base.lproj/Main.storyboard; sourceTree = "<group>"; };
		5CA41C521BC8E688000A3484 /* Assets.xcassets */ = {isa = PBXFileReference; lastKnownFileType = folder.assetcatalog; path = Assets.xcassets; sourceTree = "<group>"; };
		5CA41C571BC8E688000A3484 /* Info.plist */ = {isa = PBXFileReference; lastKnownFileType = text.plist.xml; path = Info.plist; sourceTree = "<group>"; };
		5CA41C5C1BC8E688000A3484 /* gigoldTests.xctest */ = {isa = PBXFileReference; explicitFileType = wrapper.cfbundle; includeInIndex = 0; path = gigoldTests.xctest; sourceTree = BUILT_PRODUCTS_DIR; };
		5CA41C601BC8E688000A3484 /* gigoldTests.m */ = {isa = PBXFileReference; lastKnownFileType = sourcecode.c.objc; path = gigoldTests.m; sourceTree = "<group>"; };
		5CA41C621BC8E688000A3484 /* Info.plist */ = {isa = PBXFileReference; lastKnownFileType = text.plist.xml; path = Info.plist; sourceTree = "<group>"; };
		5CA41C671BC8E688000A3484 /* gigoldUITests.xctest */ = {isa = PBXFileReference; explicitFileType = wrapper.cfbundle; includeInIndex = 0; path = gigoldUITests.xctest; sourceTree = BUILT_PRODUCTS_DIR; };
		5CA41C6B1BC8E688000A3484 /* gigoldUITests.m */ = {isa = PBXFileReference; lastKnownFileType = sourcecode.c.objc; path = gigoldUITests.m; sourceTree = "<group>"; };
		5CA41C6D1BC8E688000A3484 /* Info.plist */ = {isa = PBXFileReference; lastKnownFileType = text.plist.xml; path = Info.plist; sourceTree = "<group>"; };
		5CBE16E51BD76D0400692B0A /* BankCardManagerViewController.h */ = {isa = PBXFileReference; fileEncoding = 4; lastKnownFileType = sourcecode.c.h; path = BankCardManagerViewController.h; sourceTree = "<group>"; };
		5CBE16E61BD76D0400692B0A /* BankCardManagerViewController.m */ = {isa = PBXFileReference; fileEncoding = 4; lastKnownFileType = sourcecode.c.objc; path = BankCardManagerViewController.m; sourceTree = "<group>"; };
		5CBE16E71BD76D0400692B0A /* BankCardManagerViewController.xib */ = {isa = PBXFileReference; fileEncoding = 4; lastKnownFileType = file.xib; path = BankCardManagerViewController.xib; sourceTree = "<group>"; };
		5CBE16EA1BD76F9F00692B0A /* AddBankCardViewController.h */ = {isa = PBXFileReference; fileEncoding = 4; lastKnownFileType = sourcecode.c.h; path = AddBankCardViewController.h; sourceTree = "<group>"; };
		5CBE16EB1BD76F9F00692B0A /* AddBankCardViewController.m */ = {isa = PBXFileReference; fileEncoding = 4; lastKnownFileType = sourcecode.c.objc; path = AddBankCardViewController.m; sourceTree = "<group>"; };
		5CBE16EC1BD76F9F00692B0A /* AddBankCardViewController.xib */ = {isa = PBXFileReference; fileEncoding = 4; lastKnownFileType = file.xib; path = AddBankCardViewController.xib; sourceTree = "<group>"; };
		660292318B52F537CA48DCED /* Pods.debug.xcconfig */ = {isa = PBXFileReference; includeInIndex = 1; lastKnownFileType = text.xcconfig; name = Pods.debug.xcconfig; path = "Pods/Target Support Files/Pods/Pods.debug.xcconfig"; sourceTree = "<group>"; };
		AA29EA734CC24C2A6E7B458A /* libPods.a */ = {isa = PBXFileReference; explicitFileType = archive.ar; includeInIndex = 0; path = libPods.a; sourceTree = BUILT_PRODUCTS_DIR; };
/* End PBXFileReference section */

/* Begin PBXFrameworksBuildPhase section */
		5CA41C401BC8E688000A3484 /* Frameworks */ = {
			isa = PBXFrameworksBuildPhase;
			buildActionMask = 2147483647;
			files = (
				DCB348EA5503450DD424BB4D /* libPods.a in Frameworks */,
			);
			runOnlyForDeploymentPostprocessing = 0;
		};
		5CA41C591BC8E688000A3484 /* Frameworks */ = {
			isa = PBXFrameworksBuildPhase;
			buildActionMask = 2147483647;
			files = (
			);
			runOnlyForDeploymentPostprocessing = 0;
		};
		5CA41C641BC8E688000A3484 /* Frameworks */ = {
			isa = PBXFrameworksBuildPhase;
			buildActionMask = 2147483647;
			files = (
			);
			runOnlyForDeploymentPostprocessing = 0;
		};
/* End PBXFrameworksBuildPhase section */

/* Begin PBXGroup section */
		28F086AA7D8B2850FCCE67C4 /* Frameworks */ = {
			isa = PBXGroup;
			children = (
				AA29EA734CC24C2A6E7B458A /* libPods.a */,
			);
			name = Frameworks;
			sourceTree = "<group>";
		};
		2ECE5F7CEE0A0EA2871F5234 /* Pods */ = {
			isa = PBXGroup;
			children = (
				660292318B52F537CA48DCED /* Pods.debug.xcconfig */,
				05C9FF4D315E838F911D2C11 /* Pods.release.xcconfig */,
			);
			name = Pods;
			sourceTree = "<group>";
		};
		5C447C6E1BD77A4600A049D9 /* BankCardManager */ = {
			isa = PBXGroup;
			children = (
				5CBE16E51BD76D0400692B0A /* BankCardManagerViewController.h */,
				5CBE16E61BD76D0400692B0A /* BankCardManagerViewController.m */,
				5CBE16E71BD76D0400692B0A /* BankCardManagerViewController.xib */,
				5CBE16EA1BD76F9F00692B0A /* AddBankCardViewController.h */,
				5CBE16EB1BD76F9F00692B0A /* AddBankCardViewController.m */,
				5CBE16EC1BD76F9F00692B0A /* AddBankCardViewController.xib */,
				5C447C691BD77A3700A049D9 /* BankCardValidateViewController.h */,
				5C447C6A1BD77A3700A049D9 /* BankCardValidateViewController.m */,
				5C447C6B1BD77A3700A049D9 /* BankCardValidateViewController.xib */,
			);
			name = BankCardManager;
			sourceTree = "<group>";
		};
		5C5A2D841BD6115C00C4AE1D /* Common */ = {
			isa = PBXGroup;
			children = (
				5C5A2D851BD6115D00C4AE1D /* Data */,
				5C5A2D881BD6115D00C4AE1D /* HttpRequest */,
				5C5A2D8C1BD6115D00C4AE1D /* Images */,
				5C5A2D8D1BD6115D00C4AE1D /* UI */,
			);
			path = Common;
			sourceTree = "<group>";
		};
		5C5A2D851BD6115D00C4AE1D /* Data */ = {
			isa = PBXGroup;
			children = (
				5C5A2D861BD6115D00C4AE1D /* AppUtils.h */,
				5C5A2D871BD6115D00C4AE1D /* AppUtils.m */,
				5C5A2DDB1BD6118D00C4AE1D /* PrefixHeader.pch */,
			);
			path = Data;
			sourceTree = "<group>";
		};
		5C5A2D881BD6115D00C4AE1D /* HttpRequest */ = {
			isa = PBXGroup;
			children = (
				5C5A2D891BD6115D00C4AE1D /* FMMacro_URL.h */,
				5C5A2D8A1BD6115D00C4AE1D /* FMNetWorkManager.h */,
				5C5A2D8B1BD6115D00C4AE1D /* FMNetWorkManager.m */,
			);
			path = HttpRequest;
			sourceTree = "<group>";
		};
		5C5A2D8C1BD6115D00C4AE1D /* Images */ = {
			isa = PBXGroup;
			children = (
			);
			path = Images;
			sourceTree = "<group>";
		};
		5C5A2D8D1BD6115D00C4AE1D /* UI */ = {
			isa = PBXGroup;
			children = (
				5C5A2D8E1BD6115D00C4AE1D /* MyViewController.h */,
				5C5A2D8F1BD6115D00C4AE1D /* MyViewController.m */,
				5C746C841BD77EB0007A7DE6 /* MoblieValidateViewController.h */,
				5C746C851BD77EB0007A7DE6 /* MoblieValidateViewController.m */,
				5C746C861BD77EB0007A7DE6 /* MoblieValidateViewController.xib */,
			);
			path = UI;
			sourceTree = "<group>";
		};
		5C5A2D901BD6115D00C4AE1D /* Help */ = {
			isa = PBXGroup;
			children = (
				5C5A2D911BD6115D00C4AE1D /* Data */,
				5C5A2D921BD6115D00C4AE1D /* HttpRequest */,
				5C5A2D931BD6115D00C4AE1D /* Images */,
				5C5A2D941BD6115D00C4AE1D /* UI */,
			);
			path = Help;
			sourceTree = "<group>";
		};
		5C5A2D911BD6115D00C4AE1D /* Data */ = {
			isa = PBXGroup;
			children = (
			);
			path = Data;
			sourceTree = "<group>";
		};
		5C5A2D921BD6115D00C4AE1D /* HttpRequest */ = {
			isa = PBXGroup;
			children = (
			);
			path = HttpRequest;
			sourceTree = "<group>";
		};
		5C5A2D931BD6115D00C4AE1D /* Images */ = {
			isa = PBXGroup;
			children = (
			);
			path = Images;
			sourceTree = "<group>";
		};
		5C5A2D941BD6115D00C4AE1D /* UI */ = {
			isa = PBXGroup;
			children = (
				5C5A2D951BD6115D00C4AE1D /* HelpViewController.h */,
				5C5A2D961BD6115D00C4AE1D /* HelpViewController.m */,
			);
			path = UI;
			sourceTree = "<group>";
		};
		5C5A2D971BD6115D00C4AE1D /* Login */ = {
			isa = PBXGroup;
			children = (
				5C5A2D981BD6115D00C4AE1D /* Data */,
				5C5A2D991BD6115D00C4AE1D /* HttpRequest */,
				5C5A2D9C1BD6115D00C4AE1D /* Images */,
				5C5A2D9D1BD6115D00C4AE1D /* UI */,
			);
			path = Login;
			sourceTree = "<group>";
		};
		5C5A2D981BD6115D00C4AE1D /* Data */ = {
			isa = PBXGroup;
			children = (
			);
			path = Data;
			sourceTree = "<group>";
		};
		5C5A2D991BD6115D00C4AE1D /* HttpRequest */ = {
			isa = PBXGroup;
			children = (
				5C5A2D9A1BD6115D00C4AE1D /* LoginRequest.h */,
				5C5A2D9B1BD6115D00C4AE1D /* LoginRequest.m */,
			);
			path = HttpRequest;
			sourceTree = "<group>";
		};
		5C5A2D9C1BD6115D00C4AE1D /* Images */ = {
			isa = PBXGroup;
			children = (
			);
			path = Images;
			sourceTree = "<group>";
		};
		5C5A2D9D1BD6115D00C4AE1D /* UI */ = {
			isa = PBXGroup;
			children = (
				5C5A2D9E1BD6115D00C4AE1D /* LoginViewController.h */,
				5C5A2D9F1BD6115D00C4AE1D /* LoginViewController.m */,
				5C5A2DA01BD6115D00C4AE1D /* LoginViewController.xib */,
			);
			path = UI;
			sourceTree = "<group>";
		};
		5C5A2DA11BD6115D00C4AE1D /* Register */ = {
			isa = PBXGroup;
			children = (
				5C5A2DA21BD6115D00C4AE1D /* Data */,
				5C5A2DA31BD6115D00C4AE1D /* HttpRequest */,
				5C5A2DA61BD6115D00C4AE1D /* Images */,
				5C5A2DA71BD6115D00C4AE1D /* UI */,
			);
			path = Register;
			sourceTree = "<group>";
		};
		5C5A2DA21BD6115D00C4AE1D /* Data */ = {
			isa = PBXGroup;
			children = (
			);
			path = Data;
			sourceTree = "<group>";
		};
		5C5A2DA31BD6115D00C4AE1D /* HttpRequest */ = {
			isa = PBXGroup;
			children = (
				5C5A2DA41BD6115D00C4AE1D /* RegisterRequest.h */,
				5C5A2DA51BD6115D00C4AE1D /* RegisterRequest.m */,
			);
			path = HttpRequest;
			sourceTree = "<group>";
		};
		5C5A2DA61BD6115D00C4AE1D /* Images */ = {
			isa = PBXGroup;
			children = (
			);
			path = Images;
			sourceTree = "<group>";
		};
		5C5A2DA71BD6115D00C4AE1D /* UI */ = {
			isa = PBXGroup;
			children = (
				5C5A2DA81BD6115D00C4AE1D /* RegisterAgreementViewController.h */,
				5C5A2DA91BD6115D00C4AE1D /* RegisterAgreementViewController.m */,
				5C5A2DAA1BD6115D00C4AE1D /* RegisterAgreementViewController.xib */,
				5C5A2DAB1BD6115D00C4AE1D /* RegisterViewController.h */,
				5C5A2DAC1BD6115D00C4AE1D /* RegisterViewController.m */,
				5C5A2DAD1BD6115D00C4AE1D /* RegisterViewController.xib */,
				5C5A2DAE1BD6115D00C4AE1D /* SetUpPasswordViewController.h */,
				5C5A2DAF1BD6115D00C4AE1D /* SetUpPasswordViewController.m */,
				5C5A2DB01BD6115D00C4AE1D /* SetUpPasswordViewController.xib */,
				5C5A2DB11BD6115D00C4AE1D /* ValidateViewController.h */,
				5C5A2DB21BD6115D00C4AE1D /* ValidateViewController.m */,
				5C5A2DB31BD6115D00C4AE1D /* ValidateViewController.xib */,
			);
			path = UI;
			sourceTree = "<group>";
		};
		5C5A2DB41BD6115D00C4AE1D /* UserManager */ = {
			isa = PBXGroup;
			children = (
				5C5A2DB51BD6115D00C4AE1D /* Data */,
				5C5A2DB61BD6115D00C4AE1D /* HttpRequest */,
				5C5A2DB91BD6115D00C4AE1D /* Images */,
				5C5A2DBA1BD6115D00C4AE1D /* UI */,
			);
			path = UserManager;
			sourceTree = "<group>";
		};
		5C5A2DB51BD6115D00C4AE1D /* Data */ = {
			isa = PBXGroup;
			children = (
			);
			path = Data;
			sourceTree = "<group>";
		};
		5C5A2DB61BD6115D00C4AE1D /* HttpRequest */ = {
			isa = PBXGroup;
			children = (
				5C5A2DB71BD6115D00C4AE1D /* UserInfoRequest.h */,
				5C5A2DB81BD6115D00C4AE1D /* UserInfoRequest.m */,
			);
			path = HttpRequest;
			sourceTree = "<group>";
		};
		5C5A2DB91BD6115D00C4AE1D /* Images */ = {
			isa = PBXGroup;
			children = (
			);
			path = Images;
			sourceTree = "<group>";
		};
		5C5A2DBA1BD6115D00C4AE1D /* UI */ = {
			isa = PBXGroup;
			children = (
				5C5A2DBB1BD6115D00C4AE1D /* MyAccountViewController.h */,
				5C5A2DBC1BD6115D00C4AE1D /* MyAccountViewController.m */,
				5C5A2DBD1BD6115D00C4AE1D /* MyAccountViewController.xib */,
				5C447C6E1BD77A4600A049D9 /* BankCardManager */,
				5C5A2DBE1BD6115D00C4AE1D /* PasswordManagerViewController.h */,
				5C5A2DBF1BD6115D00C4AE1D /* PasswordManagerViewController.m */,
				5C5A2DC01BD6115D00C4AE1D /* PasswordManagerViewController.xib */,
				5C5A2DC11BD6115D00C4AE1D /* ResetPasswordViewController.h */,
				5C5A2DC21BD6115D00C4AE1D /* ResetPasswordViewController.m */,
				5C5A2DC31BD6115D00C4AE1D /* ResetPasswordViewController.xib */,
			);
			path = UI;
			sourceTree = "<group>";
		};
		5CA41C3A1BC8E688000A3484 = {
			isa = PBXGroup;
			children = (
				5CA41C451BC8E688000A3484 /* gigold */,
				5CA41C5F1BC8E688000A3484 /* gigoldTests */,
				5CA41C6A1BC8E688000A3484 /* gigoldUITests */,
				5CA41C441BC8E688000A3484 /* Products */,
				2ECE5F7CEE0A0EA2871F5234 /* Pods */,
				28F086AA7D8B2850FCCE67C4 /* Frameworks */,
			);
			sourceTree = "<group>";
		};
		5CA41C441BC8E688000A3484 /* Products */ = {
			isa = PBXGroup;
			children = (
				5CA41C431BC8E688000A3484 /* gigold.app */,
				5CA41C5C1BC8E688000A3484 /* gigoldTests.xctest */,
				5CA41C671BC8E688000A3484 /* gigoldUITests.xctest */,
			);
			name = Products;
			sourceTree = "<group>";
		};
		5CA41C451BC8E688000A3484 /* gigold */ = {
			isa = PBXGroup;
			children = (
				5CA41C491BC8E688000A3484 /* AppDelegate.h */,
				5CA41C4A1BC8E688000A3484 /* AppDelegate.m */,
				5CA41C4C1BC8E688000A3484 /* ViewController.h */,
				5CA41C4D1BC8E688000A3484 /* ViewController.m */,
				5CA41C4F1BC8E688000A3484 /* Main.storyboard */,
				5C394BFA1BCF597E009AC0AC /* LaunchScreen.storyboard */,
				5CA41C521BC8E688000A3484 /* Assets.xcassets */,
				5CA41C571BC8E688000A3484 /* Info.plist */,
				5C5A2D841BD6115C00C4AE1D /* Common */,
				5C5A2D901BD6115D00C4AE1D /* Help */,
				5C5A2D971BD6115D00C4AE1D /* Login */,
				5C5A2DA11BD6115D00C4AE1D /* Register */,
				5C5A2DB41BD6115D00C4AE1D /* UserManager */,
				5CA41C461BC8E688000A3484 /* Supporting Files */,
			);
			path = gigold;
			sourceTree = "<group>";
		};
		5CA41C461BC8E688000A3484 /* Supporting Files */ = {
			isa = PBXGroup;
			children = (
				5CA41C471BC8E688000A3484 /* main.m */,
			);
			name = "Supporting Files";
			sourceTree = "<group>";
		};
		5CA41C5F1BC8E688000A3484 /* gigoldTests */ = {
			isa = PBXGroup;
			children = (
				5CA41C601BC8E688000A3484 /* gigoldTests.m */,
				5CA41C621BC8E688000A3484 /* Info.plist */,
			);
			path = gigoldTests;
			sourceTree = "<group>";
		};
		5CA41C6A1BC8E688000A3484 /* gigoldUITests */ = {
			isa = PBXGroup;
			children = (
				5CA41C6B1BC8E688000A3484 /* gigoldUITests.m */,
				5CA41C6D1BC8E688000A3484 /* Info.plist */,
			);
			path = gigoldUITests;
			sourceTree = "<group>";
		};
/* End PBXGroup section */

/* Begin PBXNativeTarget section */
		5CA41C421BC8E688000A3484 /* gigold */ = {
			isa = PBXNativeTarget;
			buildConfigurationList = 5CA41C701BC8E688000A3484 /* Build configuration list for PBXNativeTarget "gigold" */;
			buildPhases = (
				9AA863AF3D4FD1A97E2D78EE /* Check Pods Manifest.lock */,
				5CA41C3F1BC8E688000A3484 /* Sources */,
				5CA41C401BC8E688000A3484 /* Frameworks */,
				5CA41C411BC8E688000A3484 /* Resources */,
				1D1931D61D8731B3D06DCB91 /* Copy Pods Resources */,
			);
			buildRules = (
			);
			dependencies = (
			);
			name = gigold;
			productName = gigold;
			productReference = 5CA41C431BC8E688000A3484 /* gigold.app */;
			productType = "com.apple.product-type.application";
		};
		5CA41C5B1BC8E688000A3484 /* gigoldTests */ = {
			isa = PBXNativeTarget;
			buildConfigurationList = 5CA41C731BC8E688000A3484 /* Build configuration list for PBXNativeTarget "gigoldTests" */;
			buildPhases = (
				5CA41C581BC8E688000A3484 /* Sources */,
				5CA41C591BC8E688000A3484 /* Frameworks */,
				5CA41C5A1BC8E688000A3484 /* Resources */,
			);
			buildRules = (
			);
			dependencies = (
				5CA41C5E1BC8E688000A3484 /* PBXTargetDependency */,
			);
			name = gigoldTests;
			productName = gigoldTests;
			productReference = 5CA41C5C1BC8E688000A3484 /* gigoldTests.xctest */;
			productType = "com.apple.product-type.bundle.unit-test";
		};
		5CA41C661BC8E688000A3484 /* gigoldUITests */ = {
			isa = PBXNativeTarget;
			buildConfigurationList = 5CA41C761BC8E688000A3484 /* Build configuration list for PBXNativeTarget "gigoldUITests" */;
			buildPhases = (
				5CA41C631BC8E688000A3484 /* Sources */,
				5CA41C641BC8E688000A3484 /* Frameworks */,
				5CA41C651BC8E688000A3484 /* Resources */,
			);
			buildRules = (
			);
			dependencies = (
				5CA41C691BC8E688000A3484 /* PBXTargetDependency */,
			);
			name = gigoldUITests;
			productName = gigoldUITests;
			productReference = 5CA41C671BC8E688000A3484 /* gigoldUITests.xctest */;
			productType = "com.apple.product-type.bundle.ui-testing";
		};
/* End PBXNativeTarget section */

/* Begin PBXProject section */
		5CA41C3B1BC8E688000A3484 /* Project object */ = {
			isa = PBXProject;
			attributes = {
				LastUpgradeCheck = 0700;
				ORGANIZATIONNAME = wsc;
				TargetAttributes = {
					5CA41C421BC8E688000A3484 = {
						CreatedOnToolsVersion = 7.0.1;
					};
					5CA41C5B1BC8E688000A3484 = {
						CreatedOnToolsVersion = 7.0.1;
						TestTargetID = 5CA41C421BC8E688000A3484;
					};
					5CA41C661BC8E688000A3484 = {
						CreatedOnToolsVersion = 7.0.1;
						TestTargetID = 5CA41C421BC8E688000A3484;
					};
				};
			};
			buildConfigurationList = 5CA41C3E1BC8E688000A3484 /* Build configuration list for PBXProject "gigold" */;
			compatibilityVersion = "Xcode 3.2";
			developmentRegion = English;
			hasScannedForEncodings = 0;
			knownRegions = (
				en,
				Base,
			);
			mainGroup = 5CA41C3A1BC8E688000A3484;
			productRefGroup = 5CA41C441BC8E688000A3484 /* Products */;
			projectDirPath = "";
			projectRoot = "";
			targets = (
				5CA41C421BC8E688000A3484 /* gigold */,
				5CA41C5B1BC8E688000A3484 /* gigoldTests */,
				5CA41C661BC8E688000A3484 /* gigoldUITests */,
			);
		};
/* End PBXProject section */

/* Begin PBXResourcesBuildPhase section */
		5CA41C411BC8E688000A3484 /* Resources */ = {
			isa = PBXResourcesBuildPhase;
			buildActionMask = 2147483647;
			files = (
				5C5A2DCA1BD6115D00C4AE1D /* LoginViewController.xib in Resources */,
				5C5A2DDA1BD6115D00C4AE1D /* ResetPasswordViewController.xib in Resources */,
				5C447C6D1BD77A3700A049D9 /* BankCardValidateViewController.xib in Resources */,
				5CBE16E91BD76D0400692B0A /* BankCardManagerViewController.xib in Resources */,
				5CA41C531BC8E688000A3484 /* Assets.xcassets in Resources */,
				5C5A2DCD1BD6115D00C4AE1D /* RegisterAgreementViewController.xib in Resources */,
				5C746C881BD77EB0007A7DE6 /* MoblieValidateViewController.xib in Resources */,
				5C5A2DD81BD6115D00C4AE1D /* PasswordManagerViewController.xib in Resources */,
				5C5A2DD11BD6115D00C4AE1D /* SetUpPasswordViewController.xib in Resources */,
				5C5A2DD61BD6115D00C4AE1D /* MyAccountViewController.xib in Resources */,
				5CBE16EE1BD76F9F00692B0A /* AddBankCardViewController.xib in Resources */,
				5C5A2DD31BD6115D00C4AE1D /* ValidateViewController.xib in Resources */,
				5CA41C511BC8E688000A3484 /* Main.storyboard in Resources */,
				5C394BFC1BCF597E009AC0AC /* LaunchScreen.storyboard in Resources */,
				5C5A2DCF1BD6115D00C4AE1D /* RegisterViewController.xib in Resources */,
			);
			runOnlyForDeploymentPostprocessing = 0;
		};
		5CA41C5A1BC8E688000A3484 /* Resources */ = {
			isa = PBXResourcesBuildPhase;
			buildActionMask = 2147483647;
			files = (
			);
			runOnlyForDeploymentPostprocessing = 0;
		};
		5CA41C651BC8E688000A3484 /* Resources */ = {
			isa = PBXResourcesBuildPhase;
			buildActionMask = 2147483647;
			files = (
			);
			runOnlyForDeploymentPostprocessing = 0;
		};
/* End PBXResourcesBuildPhase section */

/* Begin PBXShellScriptBuildPhase section */
		1D1931D61D8731B3D06DCB91 /* Copy Pods Resources */ = {
			isa = PBXShellScriptBuildPhase;
			buildActionMask = 2147483647;
			files = (
			);
			inputPaths = (
			);
			name = "Copy Pods Resources";
			outputPaths = (
			);
			runOnlyForDeploymentPostprocessing = 0;
			shellPath = /bin/sh;
			shellScript = "\"${SRCROOT}/Pods/Target Support Files/Pods/Pods-resources.sh\"\n";
			showEnvVarsInLog = 0;
		};
		9AA863AF3D4FD1A97E2D78EE /* Check Pods Manifest.lock */ = {
			isa = PBXShellScriptBuildPhase;
			buildActionMask = 2147483647;
			files = (
			);
			inputPaths = (
			);
			name = "Check Pods Manifest.lock";
			outputPaths = (
			);
			runOnlyForDeploymentPostprocessing = 0;
			shellPath = /bin/sh;
			shellScript = "diff \"${PODS_ROOT}/../Podfile.lock\" \"${PODS_ROOT}/Manifest.lock\" > /dev/null\nif [[ $? != 0 ]] ; then\n    cat << EOM\nerror: The sandbox is not in sync with the Podfile.lock. Run 'pod install' or update your CocoaPods installation.\nEOM\n    exit 1\nfi\n";
			showEnvVarsInLog = 0;
		};
/* End PBXShellScriptBuildPhase section */

/* Begin PBXSourcesBuildPhase section */
		5CA41C3F1BC8E688000A3484 /* Sources */ = {
			isa = PBXSourcesBuildPhase;
			buildActionMask = 2147483647;
			files = (
				5C5A2DD01BD6115D00C4AE1D /* SetUpPasswordViewController.m in Sources */,
				5C447C6C1BD77A3700A049D9 /* BankCardValidateViewController.m in Sources */,
				5C5A2DC61BD6115D00C4AE1D /* MyViewController.m in Sources */,
				5C5A2DD21BD6115D00C4AE1D /* ValidateViewController.m in Sources */,
				5CA41C4E1BC8E688000A3484 /* ViewController.m in Sources */,
				5C5A2DCC1BD6115D00C4AE1D /* RegisterAgreementViewController.m in Sources */,
				5C5A2DD71BD6115D00C4AE1D /* PasswordManagerViewController.m in Sources */,
				5C5A2DCB1BD6115D00C4AE1D /* RegisterRequest.m in Sources */,
				5C5A2DD91BD6115D00C4AE1D /* ResetPasswordViewController.m in Sources */,
				5C5A2DD51BD6115D00C4AE1D /* MyAccountViewController.m in Sources */,
				5CA41C4B1BC8E688000A3484 /* AppDelegate.m in Sources */,
				5C5A2DC81BD6115D00C4AE1D /* LoginRequest.m in Sources */,
				5CA41C481BC8E688000A3484 /* main.m in Sources */,
				5CBE16ED1BD76F9F00692B0A /* AddBankCardViewController.m in Sources */,
				5C746C871BD77EB0007A7DE6 /* MoblieValidateViewController.m in Sources */,
				5CBE16E81BD76D0400692B0A /* BankCardManagerViewController.m in Sources */,
				5C5A2DD41BD6115D00C4AE1D /* UserInfoRequest.m in Sources */,
				5C5A2DCE1BD6115D00C4AE1D /* RegisterViewController.m in Sources */,
				5C5A2DC91BD6115D00C4AE1D /* LoginViewController.m in Sources */,
				5C5A2DC71BD6115D00C4AE1D /* HelpViewController.m in Sources */,
				5C5A2DC51BD6115D00C4AE1D /* FMNetWorkManager.m in Sources */,
				5C5A2DC41BD6115D00C4AE1D /* AppUtils.m in Sources */,
			);
			runOnlyForDeploymentPostprocessing = 0;
		};
		5CA41C581BC8E688000A3484 /* Sources */ = {
			isa = PBXSourcesBuildPhase;
			buildActionMask = 2147483647;
			files = (
				5CA41C611BC8E688000A3484 /* gigoldTests.m in Sources */,
			);
			runOnlyForDeploymentPostprocessing = 0;
		};
		5CA41C631BC8E688000A3484 /* Sources */ = {
			isa = PBXSourcesBuildPhase;
			buildActionMask = 2147483647;
			files = (
				5CA41C6C1BC8E688000A3484 /* gigoldUITests.m in Sources */,
			);
			runOnlyForDeploymentPostprocessing = 0;
		};
/* End PBXSourcesBuildPhase section */

/* Begin PBXTargetDependency section */
		5CA41C5E1BC8E688000A3484 /* PBXTargetDependency */ = {
			isa = PBXTargetDependency;
			target = 5CA41C421BC8E688000A3484 /* gigold */;
			targetProxy = 5CA41C5D1BC8E688000A3484 /* PBXContainerItemProxy */;
		};
		5CA41C691BC8E688000A3484 /* PBXTargetDependency */ = {
			isa = PBXTargetDependency;
			target = 5CA41C421BC8E688000A3484 /* gigold */;
			targetProxy = 5CA41C681BC8E688000A3484 /* PBXContainerItemProxy */;
		};
/* End PBXTargetDependency section */

/* Begin PBXVariantGroup section */
		5C394BFA1BCF597E009AC0AC /* LaunchScreen.storyboard */ = {
			isa = PBXVariantGroup;
			children = (
				5C394BFB1BCF597E009AC0AC /* Base */,
			);
			name = LaunchScreen.storyboard;
			sourceTree = "<group>";
		};
		5CA41C4F1BC8E688000A3484 /* Main.storyboard */ = {
			isa = PBXVariantGroup;
			children = (
				5CA41C501BC8E688000A3484 /* Base */,
			);
			name = Main.storyboard;
			sourceTree = "<group>";
		};
/* End PBXVariantGroup section */

/* Begin XCBuildConfiguration section */
		5CA41C6E1BC8E688000A3484 /* Debug */ = {
			isa = XCBuildConfiguration;
			buildSettings = {
				ALWAYS_SEARCH_USER_PATHS = NO;
				CLANG_CXX_LANGUAGE_STANDARD = "gnu++0x";
				CLANG_CXX_LIBRARY = "libc++";
				CLANG_ENABLE_MODULES = YES;
				CLANG_ENABLE_OBJC_ARC = YES;
				CLANG_WARN_BOOL_CONVERSION = YES;
				CLANG_WARN_CONSTANT_CONVERSION = YES;
				CLANG_WARN_DIRECT_OBJC_ISA_USAGE = YES_ERROR;
				CLANG_WARN_EMPTY_BODY = YES;
				CLANG_WARN_ENUM_CONVERSION = YES;
				CLANG_WARN_INT_CONVERSION = YES;
				CLANG_WARN_OBJC_ROOT_CLASS = YES_ERROR;
				CLANG_WARN_UNREACHABLE_CODE = YES;
				CLANG_WARN__DUPLICATE_METHOD_MATCH = YES;
				CODE_SIGN_IDENTITY = "iPhone Developer: yinyan wen (9Y9J9E2VL9)";
				"CODE_SIGN_IDENTITY[sdk=iphoneos*]" = "iPhone Developer: yinyan wen (9Y9J9E2VL9)";
				COPY_PHASE_STRIP = NO;
				DEBUG_INFORMATION_FORMAT = dwarf;
				ENABLE_STRICT_OBJC_MSGSEND = YES;
				ENABLE_TESTABILITY = YES;
				GCC_C_LANGUAGE_STANDARD = gnu99;
				GCC_DYNAMIC_NO_PIC = NO;
				GCC_NO_COMMON_BLOCKS = YES;
				GCC_OPTIMIZATION_LEVEL = 0;
				GCC_PREPROCESSOR_DEFINITIONS = (
					"DEBUG=1",
					"$(inherited)",
				);
				GCC_WARN_64_TO_32_BIT_CONVERSION = YES;
				GCC_WARN_ABOUT_RETURN_TYPE = YES_ERROR;
				GCC_WARN_UNDECLARED_SELECTOR = YES;
				GCC_WARN_UNINITIALIZED_AUTOS = YES_AGGRESSIVE;
				GCC_WARN_UNUSED_FUNCTION = YES;
				GCC_WARN_UNUSED_VARIABLE = YES;
				IPHONEOS_DEPLOYMENT_TARGET = 7.0;
				MTL_ENABLE_DEBUG_INFO = YES;
				ONLY_ACTIVE_ARCH = YES;
				SDKROOT = iphoneos;
				TARGETED_DEVICE_FAMILY = "1,2";
			};
			name = Debug;
		};
		5CA41C6F1BC8E688000A3484 /* Release */ = {
			isa = XCBuildConfiguration;
			buildSettings = {
				ALWAYS_SEARCH_USER_PATHS = NO;
				CLANG_CXX_LANGUAGE_STANDARD = "gnu++0x";
				CLANG_CXX_LIBRARY = "libc++";
				CLANG_ENABLE_MODULES = YES;
				CLANG_ENABLE_OBJC_ARC = YES;
				CLANG_WARN_BOOL_CONVERSION = YES;
				CLANG_WARN_CONSTANT_CONVERSION = YES;
				CLANG_WARN_DIRECT_OBJC_ISA_USAGE = YES_ERROR;
				CLANG_WARN_EMPTY_BODY = YES;
				CLANG_WARN_ENUM_CONVERSION = YES;
				CLANG_WARN_INT_CONVERSION = YES;
				CLANG_WARN_OBJC_ROOT_CLASS = YES_ERROR;
				CLANG_WARN_UNREACHABLE_CODE = YES;
				CLANG_WARN__DUPLICATE_METHOD_MATCH = YES;
				CODE_SIGN_IDENTITY = "iPhone Developer: yinyan wen (9Y9J9E2VL9)";
				"CODE_SIGN_IDENTITY[sdk=iphoneos*]" = "iPhone Developer: yinyan wen (9Y9J9E2VL9)";
				COPY_PHASE_STRIP = NO;
				DEBUG_INFORMATION_FORMAT = "dwarf-with-dsym";
				ENABLE_NS_ASSERTIONS = NO;
				ENABLE_STRICT_OBJC_MSGSEND = YES;
				GCC_C_LANGUAGE_STANDARD = gnu99;
				GCC_NO_COMMON_BLOCKS = YES;
				GCC_WARN_64_TO_32_BIT_CONVERSION = YES;
				GCC_WARN_ABOUT_RETURN_TYPE = YES_ERROR;
				GCC_WARN_UNDECLARED_SELECTOR = YES;
				GCC_WARN_UNINITIALIZED_AUTOS = YES_AGGRESSIVE;
				GCC_WARN_UNUSED_FUNCTION = YES;
				GCC_WARN_UNUSED_VARIABLE = YES;
				IPHONEOS_DEPLOYMENT_TARGET = 7.0;
				MTL_ENABLE_DEBUG_INFO = NO;
				SDKROOT = iphoneos;
				TARGETED_DEVICE_FAMILY = "1,2";
				VALIDATE_PRODUCT = YES;
			};
			name = Release;
		};
		5CA41C711BC8E688000A3484 /* Debug */ = {
			isa = XCBuildConfiguration;
			baseConfigurationReference = 660292318B52F537CA48DCED /* Pods.debug.xcconfig */;
			buildSettings = {
				ASSETCATALOG_COMPILER_APPICON_NAME = AppIcon;
				CODE_SIGN_IDENTITY = "iPhone Developer: yinyan wen (9Y9J9E2VL9)";
				GCC_PREFIX_HEADER = "$(SRCROOT)/gigold/Common/Data/PrefixHeader.pch";
				INFOPLIST_FILE = gigold/Info.plist;
				IPHONEOS_DEPLOYMENT_TARGET = 7.0;
				LD_RUNPATH_SEARCH_PATHS = "$(inherited) @executable_path/Frameworks";
				PRODUCT_BUNDLE_IDENTIFIER = www.gigold.com;
				PRODUCT_NAME = "$(TARGET_NAME)";
				TARGETED_DEVICE_FAMILY = "1,2";
			};
			name = Debug;
		};
		5CA41C721BC8E688000A3484 /* Release */ = {
			isa = XCBuildConfiguration;
			baseConfigurationReference = 05C9FF4D315E838F911D2C11 /* Pods.release.xcconfig */;
			buildSettings = {
				ASSETCATALOG_COMPILER_APPICON_NAME = AppIcon;
				CODE_SIGN_IDENTITY = "iPhone Developer: yinyan wen (9Y9J9E2VL9)";
				GCC_PREFIX_HEADER = "$(SRCROOT)/gigold/Common/Data/PrefixHeader.pch";
				INFOPLIST_FILE = gigold/Info.plist;
				IPHONEOS_DEPLOYMENT_TARGET = 7.0;
				LD_RUNPATH_SEARCH_PATHS = "$(inherited) @executable_path/Frameworks";
				PRODUCT_BUNDLE_IDENTIFIER = www.gigold.com;
				PRODUCT_NAME = "$(TARGET_NAME)";
				TARGETED_DEVICE_FAMILY = "1,2";
			};
			name = Release;
		};
		5CA41C741BC8E688000A3484 /* Debug */ = {
			isa = XCBuildConfiguration;
			buildSettings = {
				BUNDLE_LOADER = "$(TEST_HOST)";
				INFOPLIST_FILE = gigoldTests/Info.plist;
				LD_RUNPATH_SEARCH_PATHS = "$(inherited) @executable_path/Frameworks @loader_path/Frameworks";
				PRODUCT_BUNDLE_IDENTIFIER = testdemo.gigoldTests;
				PRODUCT_NAME = "$(TARGET_NAME)";
				TEST_HOST = "$(BUILT_PRODUCTS_DIR)/gigold.app/gigold";
			};
			name = Debug;
		};
		5CA41C751BC8E688000A3484 /* Release */ = {
			isa = XCBuildConfiguration;
			buildSettings = {
				BUNDLE_LOADER = "$(TEST_HOST)";
				INFOPLIST_FILE = gigoldTests/Info.plist;
				LD_RUNPATH_SEARCH_PATHS = "$(inherited) @executable_path/Frameworks @loader_path/Frameworks";
				PRODUCT_BUNDLE_IDENTIFIER = testdemo.gigoldTests;
				PRODUCT_NAME = "$(TARGET_NAME)";
				TEST_HOST = "$(BUILT_PRODUCTS_DIR)/gigold.app/gigold";
			};
			name = Release;
		};
		5CA41C771BC8E688000A3484 /* Debug */ = {
			isa = XCBuildConfiguration;
			buildSettings = {
				INFOPLIST_FILE = gigoldUITests/Info.plist;
				LD_RUNPATH_SEARCH_PATHS = "$(inherited) @executable_path/Frameworks @loader_path/Frameworks";
				PRODUCT_BUNDLE_IDENTIFIER = testdemo.gigoldUITests;
				PRODUCT_NAME = "$(TARGET_NAME)";
				TEST_TARGET_NAME = gigold;
				USES_XCTRUNNER = YES;
			};
			name = Debug;
		};
		5CA41C781BC8E688000A3484 /* Release */ = {
			isa = XCBuildConfiguration;
			buildSettings = {
				INFOPLIST_FILE = gigoldUITests/Info.plist;
				LD_RUNPATH_SEARCH_PATHS = "$(inherited) @executable_path/Frameworks @loader_path/Frameworks";
				PRODUCT_BUNDLE_IDENTIFIER = testdemo.gigoldUITests;
				PRODUCT_NAME = "$(TARGET_NAME)";
				TEST_TARGET_NAME = gigold;
				USES_XCTRUNNER = YES;
			};
			name = Release;
		};
/* End XCBuildConfiguration section */

/* Begin XCConfigurationList section */
		5CA41C3E1BC8E688000A3484 /* Build configuration list for PBXProject "gigold" */ = {
			isa = XCConfigurationList;
			buildConfigurations = (
				5CA41C6E1BC8E688000A3484 /* Debug */,
				5CA41C6F1BC8E688000A3484 /* Release */,
			);
			defaultConfigurationIsVisible = 0;
			defaultConfigurationName = Release;
		};
		5CA41C701BC8E688000A3484 /* Build configuration list for PBXNativeTarget "gigold" */ = {
			isa = XCConfigurationList;
			buildConfigurations = (
				5CA41C711BC8E688000A3484 /* Debug */,
				5CA41C721BC8E688000A3484 /* Release */,
			);
			defaultConfigurationIsVisible = 0;
			defaultConfigurationName = Release;
		};
		5CA41C731BC8E688000A3484 /* Build configuration list for PBXNativeTarget "gigoldTests" */ = {
			isa = XCConfigurationList;
			buildConfigurations = (
				5CA41C741BC8E688000A3484 /* Debug */,
				5CA41C751BC8E688000A3484 /* Release */,
			);
			defaultConfigurationIsVisible = 0;
			defaultConfigurationName = Release;
		};
		5CA41C761BC8E688000A3484 /* Build configuration list for PBXNativeTarget "gigoldUITests" */ = {
			isa = XCConfigurationList;
			buildConfigurations = (
				5CA41C771BC8E688000A3484 /* Debug */,
				5CA41C781BC8E688000A3484 /* Release */,
			);
			defaultConfigurationIsVisible = 0;
			defaultConfigurationName = Release;
		};
/* End XCConfigurationList section */
	};
	rootObject = 5CA41C3B1BC8E688000A3484 /* Project object */;
}
